
Microsoft Visual Studio Solution File, Format Version 12.00
# Visual Studio 2013
VisualStudioVersion = 12.0.21005.1
MinimumVisualStudioVersion = 10.0.40219.1
Project("{FAE04EC0-301F-11D3-BF4B-00C04F79EFBC}") = "RegexWebApp", "RegexWebApp\RegexWebApp.csproj", "{DEF2A2DF-359F-425D-BFD3-2EB07E6BDACE}"
EndProject
Project("{FAE04EC0-301F-11D3-BF4B-00C04F79EFBC}") = "RegexWebApp.Tests", "RegexWebApp.Tests\RegexWebApp.Tests.csproj", "{2C869B02-B3D2-40A4-B056-598C0633D297}"
EndProject
Global
	GlobalSection(SolutionConfigurationPlatforms) = preSolution
		Debug|Any CPU = Debug|Any CPU
		Release|Any CPU = Release|Any CPU
	EndGlobalSection
	GlobalSection(ProjectConfigurationPlatforms) = postSolution
		{DEF2A2DF-359F-425D-BFD3-2EB07E6BDACE}.Debug|Any CPU.ActiveCfg = Debug|Any CPU
		{DEF2A2DF-359F-425D-BFD3-2EB07E6BDACE}.Debug|Any CPU.Build.0 = Debug|Any CPU
		{DEF2A2DF-359F-425D-BFD3-2EB07E6BDACE}.Release|Any CPU.ActiveCfg = Release|Any CPU
		{DEF2A2DF-359F-425D-BFD3-2EB07E6BDACE}.Release|Any CPU.Build.0 = Release|Any CPU
		{2C869B02-B3D2-40A4-B056-598C0633D297}.Debug|Any CPU.ActiveCfg = Debug|Any CPU
		{2C869B02-B3D2-40A4-B056-598C0633D297}.Debug|Any CPU.Build.0 = Debug|Any CPU
		{2C869B02-B3D2-40A4-B056-598C0633D297}.Release|Any CPU.ActiveCfg = Release|Any CPU
		{2C869B02-B3D2-40A4-B056-598C0633D297}.Release|Any CPU.Build.0 = Release|Any CPU
	EndGlobalSection
	GlobalSection(SolutionProperties) = preSolution
		HideSolutionNode = FALSE
	EndGlobalSection
EndGlobal
